
Microsoft Visual Studio Solution File, Format Version 12.00
# Visual Studio Version 16
VisualStudioVersion = 16.0.30114.105
MinimumVisualStudioVersion = 10.0.40219.1
Project("{9A19103F-16F7-4668-BE54-9A1E7A4F7556}") = "api", "api\api.csproj", "{FCC12DF5-A7E1-4E46-848C-7625F93271E4}"
EndProject
Project("{9A19103F-16F7-4668-BE54-9A1E7A4F7556}") = "api.UnitTests", "api.UnitTests\api.UnitTests.csproj", "{7CF3F28A-7918-488E-A418-1D4475358D60}"
EndProject
Global
	GlobalSection(SolutionConfigurationPlatforms) = preSolution
		Debug|Any CPU = Debug|Any CPU
		Debug|x64 = Debug|x64
		Debug|x86 = Debug|x86
		Release|Any CPU = Release|Any CPU
		Release|x64 = Release|x64
		Release|x86 = Release|x86
	EndGlobalSection
	GlobalSection(ProjectConfigurationPlatforms) = postSolution
		{FCC12DF5-A7E1-4E46-848C-7625F93271E4}.Debug|Any CPU.ActiveCfg = Debug|Any CPU
		{FCC12DF5-A7E1-4E46-848C-7625F93271E4}.Debug|Any CPU.Build.0 = Debug|Any CPU
		{FCC12DF5-A7E1-4E46-848C-7625F93271E4}.Debug|x64.ActiveCfg = Debug|Any CPU
		{FCC12DF5-A7E1-4E46-848C-7625F93271E4}.Debug|x64.Build.0 = Debug|Any CPU
		{FCC12DF5-A7E1-4E46-848C-7625F93271E4}.Debug|x86.ActiveCfg = Debug|Any CPU
		{FCC12DF5-A7E1-4E46-848C-7625F93271E4}.Debug|x86.Build.0 = Debug|Any CPU
		{FCC12DF5-A7E1-4E46-848C-7625F93271E4}.Release|Any CPU.ActiveCfg = Release|Any CPU
		{FCC12DF5-A7E1-4E46-848C-7625F93271E4}.Release|Any CPU.Build.0 = Release|Any CPU
		{FCC12DF5-A7E1-4E46-848C-7625F93271E4}.Release|x64.ActiveCfg = Release|Any CPU
		{FCC12DF5-A7E1-4E46-848C-7625F93271E4}.Release|x64.Build.0 = Release|Any CPU
		{FCC12DF5-A7E1-4E46-848C-7625F93271E4}.Release|x86.ActiveCfg = Release|Any CPU
		{FCC12DF5-A7E1-4E46-848C-7625F93271E4}.Release|x86.Build.0 = Release|Any CPU
		{7CF3F28A-7918-488E-A418-1D4475358D60}.Debug|Any CPU.ActiveCfg = Debug|Any CPU
		{7CF3F28A-7918-488E-A418-1D4475358D60}.Debug|Any CPU.Build.0 = Debug|Any CPU
		{7CF3F28A-7918-488E-A418-1D4475358D60}.Debug|x64.ActiveCfg = Debug|Any CPU
		{7CF3F28A-7918-488E-A418-1D4475358D60}.Debug|x64.Build.0 = Debug|Any CPU
		{7CF3F28A-7918-488E-A418-1D4475358D60}.Debug|x86.ActiveCfg = Debug|Any CPU
		{7CF3F28A-7918-488E-A418-1D4475358D60}.Debug|x86.Build.0 = Debug|Any CPU
		{7CF3F28A-7918-488E-A418-1D4475358D60}.Release|Any CPU.ActiveCfg = Release|Any CPU
		{7CF3F28A-7918-488E-A418-1D4475358D60}.Release|Any CPU.Build.0 = Release|Any CPU
		{7CF3F28A-7918-488E-A418-1D4475358D60}.Release|x64.ActiveCfg = Release|Any CPU
		{7CF3F28A-7918-488E-A418-1D4475358D60}.Release|x64.Build.0 = Release|Any CPU
		{7CF3F28A-7918-488E-A418-1D4475358D60}.Release|x86.ActiveCfg = Release|Any CPU
		{7CF3F28A-7918-488E-A418-1D4475358D60}.Release|x86.Build.0 = Release|Any CPU
	EndGlobalSection
	GlobalSection(SolutionProperties) = preSolution
		HideSolutionNode = FALSE
	EndGlobalSection
	GlobalSection(ExtensibilityGlobals) = postSolution
		SolutionGuid = {530A46C3-088E-4F04-9BE5-C7AFF7FEF64C}
	EndGlobalSection
EndGlobal
